
Microsoft Visual Studio Solution File, Format Version 12.00
# Visual Studio Version 16
VisualStudioVersion = 16.0.29209.62
MinimumVisualStudioVersion = 10.0.40219.1
Project("{FAE04EC0-301F-11D3-BF4B-00C04F79EFBC}") = "Guia7", "Guia7.csproj", "{DC819E6D-479E-4175-938D-57FC08E4817B}"
EndProject
Global
	GlobalSection(SolutionConfigurationPlatforms) = preSolution
		Debug|Any CPU = Debug|Any CPU
		Release|Any CPU = Release|Any CPU
	EndGlobalSection
	GlobalSection(ProjectConfigurationPlatforms) = postSolution
		{DC819E6D-479E-4175-938D-57FC08E4817B}.Debug|Any CPU.ActiveCfg = Debug|Any CPU
		{DC819E6D-479E-4175-938D-57FC08E4817B}.Debug|Any CPU.Build.0 = Debug|Any CPU
		{DC819E6D-479E-4175-938D-57FC08E4817B}.Release|Any CPU.ActiveCfg = Release|Any CPU
		{DC819E6D-479E-4175-938D-57FC08E4817B}.Release|Any CPU.Build.0 = Release|Any CPU
	EndGlobalSection
	GlobalSection(SolutionProperties) = preSolution
		HideSolutionNode = FALSE
	EndGlobalSection
	GlobalSection(ExtensibilityGlobals) = postSolution
		SolutionGuid = {036C5E1E-A972-4B9E-AD8B-240969F8DE74}
	EndGlobalSection
EndGlobal
